
Microsoft Visual Studio Solution File, Format Version 12.00
# Visual Studio Version 16
VisualStudioVersion = 16.0.34931.43
MinimumVisualStudioVersion = 10.0.40219.1
Project("{FAE04EC0-301F-11D3-BF4B-00C04F79EFBC}") = "CLASS 05", "CLASS 05\CLASS 05.csproj", "{ECBCE3DA-E5D8-4FEB-8F1F-A03B9A2A2C0A}"
EndProject
Global
	GlobalSection(SolutionConfigurationPlatforms) = preSolution
		Debug|Any CPU = Debug|Any CPU
		Release|Any CPU = Release|Any CPU
	EndGlobalSection
	GlobalSection(ProjectConfigurationPlatforms) = postSolution
		{ECBCE3DA-E5D8-4FEB-8F1F-A03B9A2A2C0A}.Debug|Any CPU.ActiveCfg = Debug|Any CPU
		{ECBCE3DA-E5D8-4FEB-8F1F-A03B9A2A2C0A}.Debug|Any CPU.Build.0 = Debug|Any CPU
		{ECBCE3DA-E5D8-4FEB-8F1F-A03B9A2A2C0A}.Release|Any CPU.ActiveCfg = Release|Any CPU
		{ECBCE3DA-E5D8-4FEB-8F1F-A03B9A2A2C0A}.Release|Any CPU.Build.0 = Release|Any CPU
	EndGlobalSection
	GlobalSection(SolutionProperties) = preSolution
		HideSolutionNode = FALSE
	EndGlobalSection
	GlobalSection(ExtensibilityGlobals) = postSolution
		SolutionGuid = {CAB5E613-E7FB-4D3E-BE3A-48D00E9D9E13}
	EndGlobalSection
EndGlobal
